{
  "nodes": {
    "flake-utils": {
      "locked": {
        "lastModified": 1659877975,
        "narHash": "sha256-zllb8aq3YO3h8B/U0/J1WBgAL8EX5yWf5pMj3G0NAmc=",
        "owner": "numtide",
        "repo": "flake-utils",
        "rev": "c0e246b9b83f637f4681389ecabcb2681b4f3af0",
        "type": "github"
      },
      "original": {
        "owner": "numtide",
        "repo": "flake-utils",
        "type": "github"
      }
    },
    "home-manager": {
      "inputs": {
        "nixpkgs": [
          "nixpkgs"
        ],
        "utils": "utils"
      },
      "locked": {
        "lastModified": 1675935446,
        "narHash": "sha256-WajulTn7QdwC7QuXRBavrANuIXE5z+08EdxdRw1qsNs=",
        "owner": "nix-community",
        "repo": "home-manager",
        "rev": "2dce7f1a55e785a22d61668516df62899278c9e4",
        "type": "github"
      },
      "original": {
        "owner": "nix-community",
        "repo": "home-manager",
        "type": "github"
      }
    },
    "nixgl": {
      "inputs": {
        "flake-utils": "flake-utils",
        "nixpkgs": "nixpkgs"
      },
      "locked": {
        "lastModified": 1672992692,
        "narHash": "sha256-/eLQLSNIa22ARTZbk+x8i0iE8khe1eiHWkuxgTVXZ7g=",
        "owner": "guibou",
        "repo": "nixGL",
        "rev": "643e730efb981ffaf8478f441ec9b9aeea1c89f5",
        "type": "github"
      },
      "original": {
        "owner": "guibou",
        "repo": "nixGL",
        "type": "github"
      }
    },
    "nixpkgs": {
      "locked": {
        "lastModified": 1660551188,
        "narHash": "sha256-a1LARMMYQ8DPx1BgoI/UN4bXe12hhZkCNqdxNi6uS0g=",
        "owner": "nixos",
        "repo": "nixpkgs",
        "rev": "441dc5d512153039f19ef198e662e4f3dbb9fd65",
        "type": "github"
      },
      "original": {
        "owner": "nixos",
        "repo": "nixpkgs",
        "type": "github"
      }
    },
    "nixpkgs_2": {
      "locked": {
        "lastModified": 1676202775,
        "narHash": "sha256-gV/RnfVZkGLHn+5rmX2GSh5aquVHpWOJw1cnpEV03tQ=",
        "owner": "nixos",
        "repo": "nixpkgs",
        "rev": "d917136f550a8c36efb1724390c7245105f79023",
        "type": "github"
      },
      "original": {
        "owner": "nixos",
        "ref": "nixos-unstable",
        "repo": "nixpkgs",
        "type": "github"
      }
    },
    "nur": {
      "locked": {
        "lastModified": 1676317613,
        "narHash": "sha256-tDKRyuoNz9b0dulVxPxDQa9TPJEJ7kGOfgF/11wx9IU=",
        "owner": "nix-community",
        "repo": "nur",
        "rev": "ceb21024ae4eb1d2af1840eb34231d46520a8642",
        "type": "github"
      },
      "original": {
        "owner": "nix-community",
        "repo": "nur",
        "type": "github"
      }
    },
    "root": {
      "inputs": {
        "home-manager": "home-manager",
        "nixgl": "nixgl",
        "nixpkgs": "nixpkgs_2",
        "nur": "nur"
      }
    },
    "utils": {
      "locked": {
        "lastModified": 1667395993,
        "narHash": "sha256-nuEHfE/LcWyuSWnS8t12N1wc105Qtau+/OdUAjtQ0rA=",
        "owner": "numtide",
        "repo": "flake-utils",
        "rev": "5aed5285a952e0b949eb3ba02c12fa4fcfef535f",
        "type": "github"
      },
      "original": {
        "owner": "numtide",
        "repo": "flake-utils",
        "type": "github"
      }
    }
  },
  "root": "root",
  "version": 7
}
